github.com/CaiJimmy/hugo-theme-stack/v3 v3.30.0 h1:uITC7EKGyfPjyi3C5At++E0Uu1qQXtqiwMV4pd7LkLs=
github.com/CaiJimmy/hugo-theme-stack/v3 v3.30.0/go.mod h1:IPmCXiIxlFSLFYS0tOmYP6ySLviyeNVSabyvSuaxD+I=
github.com/jens-goes-mad/DIY-HUGO-SCAFFOLD.public v0.0.0-20261002234923-79ad614e3640 h1:nFVJS/v3Zx1Fj24nDnoEoHNX61TbEtbU00SYmfFvsLw=
github.com/jens-goes-mad/DIY-HUGO-SCAFFOLD.public v0.0.0-20261002234923-79ad614e3640/go.mod h1:A0VRtwXmu0Ra6m80oD9lOa4lzRBOULale4dTvh6FhfQ=
